
Microsoft Visual Studio Solution File, Format Version 12.00
# Visual Studio Version 17
VisualStudioVersion = 17.13.35825.156 d17.13
MinimumVisualStudioVersion = 10.0.40219.1
Project("{FAE04EC0-301F-11D3-BF4B-00C04F79EFBC}") = "WebUI", "WebUI\WebUI.csproj", "{DDEEFF20-F49F-412A-A649-C68AF919AF5D}"
EndProject
Global
	GlobalSection(SolutionConfigurationPlatforms) = preSolution
		Debug|Any CPU = Debug|Any CPU
		Release|Any CPU = Release|Any CPU
	EndGlobalSection
	GlobalSection(ProjectConfigurationPlatforms) = postSolution
		{DDEEFF20-F49F-412A-A649-C68AF919AF5D}.Debug|Any CPU.ActiveCfg = Debug|Any CPU
		{DDEEFF20-F49F-412A-A649-C68AF919AF5D}.Debug|Any CPU.Build.0 = Debug|Any CPU
		{DDEEFF20-F49F-412A-A649-C68AF919AF5D}.Release|Any CPU.ActiveCfg = Release|Any CPU
		{DDEEFF20-F49F-412A-A649-C68AF919AF5D}.Release|Any CPU.Build.0 = Release|Any CPU
	EndGlobalSection
	GlobalSection(SolutionProperties) = preSolution
		HideSolutionNode = FALSE
	EndGlobalSection
	GlobalSection(ExtensibilityGlobals) = postSolution
		SolutionGuid = {9ADF4639-D78F-438E-B3BD-04E10460FA97}
	EndGlobalSection
EndGlobal
